{
  "requires": true,
  "lockfileVersion": 1,
  "dependencies": {
    "bootstrap-float-label": {
      "version": "3.0.1",
      "resolved": "https://registry.npmjs.org/bootstrap-float-label/-/bootstrap-float-label-3.0.1.tgz",
      "integrity": "sha1-q6AGcV75s7acnYcIHvdoSNO8ucQ=",
      "requires": {
        "float-label-css": "1.0.2"
      }
    },
    "float-label-css": {
      "version": "1.0.2",
      "resolved": "https://registry.npmjs.org/float-label-css/-/float-label-css-1.0.2.tgz",
      "integrity": "sha1-JFcW5Qapx3VeAEEXOA8dq1vx0R4="
    }
  }
}
